
Microsoft Visual Studio Solution File, Format Version 12.00
# Visual Studio Version 16
VisualStudioVersion = 16.0.31005.135
MinimumVisualStudioVersion = 10.0.40219.1
Project("{9A19103F-16F7-4668-BE54-9A1E7A4F7556}") = "CrmServiceClientClientSecret", "CrmServiceClient\CrmServiceClientClientSecret.csproj", "{F1ADF875-866D-4F70-A4FC-26790FB53354}"
EndProject
Project("{D954291E-2A0B-460D-934E-DC6B0785DB48}") = "EntityModel", "EntityModel\EntityModel.shproj", "{0F79C4E9-F843-4E9F-B214-2C3C8B3C9EF1}"
EndProject
Project("{9A19103F-16F7-4668-BE54-9A1E7A4F7556}") = "SimpleODataClientTest", "Simple.OData.Client\SimpleODataClientTest.csproj", "{FA9B8AAF-3039-45E8-9A21-8DFF6EC5CEDF}"
EndProject
Project("{9A19103F-16F7-4668-BE54-9A1E7A4F7556}") = "CrmServiceClientOpenAPI", "CrmServiceClientOpenAPI\CrmServiceClientOpenAPI.csproj", "{5A59F4AA-3434-4606-BD26-24CE4248F033}"
EndProject
Project("{9A19103F-16F7-4668-BE54-9A1E7A4F7556}") = "ODataConnectedServiceTest", "ODataConnectedServiceTest\ODataConnectedServiceTest.csproj", "{497AFD06-1670-4EA8-92ED-4DC26E26A82A}"
EndProject
Project("{9A19103F-16F7-4668-BE54-9A1E7A4F7556}") = "AppServiceTokenStore", "AppServiceTokenStore\AppServiceTokenStore.csproj", "{E8BA055F-3447-40C8-92CF-9539D538EC07}"
EndProject
Project("{FAE04EC0-301F-11D3-BF4B-00C04F79EFBC}") = "CrmServiceClientOpenAPI2", "CrmServiceClientOpenAPI2\CrmServiceClientOpenAPI2.csproj", "{3CFBE921-CE95-4A80-9E15-7DC56E302C57}"
EndProject
Global
	GlobalSection(SharedMSBuildProjectFiles) = preSolution
		EntityModel\EntityModel.projitems*{0f79c4e9-f843-4e9f-b214-2c3c8b3c9ef1}*SharedItemsImports = 13
		EntityModel\EntityModel.projitems*{3cfbe921-ce95-4a80-9e15-7dc56e302c57}*SharedItemsImports = 5
		EntityModel\EntityModel.projitems*{5a59f4aa-3434-4606-bd26-24ce4248f033}*SharedItemsImports = 5
	EndGlobalSection
	GlobalSection(SolutionConfigurationPlatforms) = preSolution
		Debug|Any CPU = Debug|Any CPU
		Release|Any CPU = Release|Any CPU
	EndGlobalSection
	GlobalSection(ProjectConfigurationPlatforms) = postSolution
		{F1ADF875-866D-4F70-A4FC-26790FB53354}.Debug|Any CPU.ActiveCfg = Debug|Any CPU
		{F1ADF875-866D-4F70-A4FC-26790FB53354}.Debug|Any CPU.Build.0 = Debug|Any CPU
		{F1ADF875-866D-4F70-A4FC-26790FB53354}.Release|Any CPU.ActiveCfg = Release|Any CPU
		{F1ADF875-866D-4F70-A4FC-26790FB53354}.Release|Any CPU.Build.0 = Release|Any CPU
		{FA9B8AAF-3039-45E8-9A21-8DFF6EC5CEDF}.Debug|Any CPU.ActiveCfg = Debug|Any CPU
		{FA9B8AAF-3039-45E8-9A21-8DFF6EC5CEDF}.Debug|Any CPU.Build.0 = Debug|Any CPU
		{FA9B8AAF-3039-45E8-9A21-8DFF6EC5CEDF}.Release|Any CPU.ActiveCfg = Release|Any CPU
		{FA9B8AAF-3039-45E8-9A21-8DFF6EC5CEDF}.Release|Any CPU.Build.0 = Release|Any CPU
		{5A59F4AA-3434-4606-BD26-24CE4248F033}.Debug|Any CPU.ActiveCfg = Debug|Any CPU
		{5A59F4AA-3434-4606-BD26-24CE4248F033}.Debug|Any CPU.Build.0 = Debug|Any CPU
		{5A59F4AA-3434-4606-BD26-24CE4248F033}.Release|Any CPU.ActiveCfg = Release|Any CPU
		{5A59F4AA-3434-4606-BD26-24CE4248F033}.Release|Any CPU.Build.0 = Release|Any CPU
		{497AFD06-1670-4EA8-92ED-4DC26E26A82A}.Debug|Any CPU.ActiveCfg = Debug|Any CPU
		{497AFD06-1670-4EA8-92ED-4DC26E26A82A}.Debug|Any CPU.Build.0 = Debug|Any CPU
		{497AFD06-1670-4EA8-92ED-4DC26E26A82A}.Release|Any CPU.ActiveCfg = Release|Any CPU
		{497AFD06-1670-4EA8-92ED-4DC26E26A82A}.Release|Any CPU.Build.0 = Release|Any CPU
		{E8BA055F-3447-40C8-92CF-9539D538EC07}.Debug|Any CPU.ActiveCfg = Debug|Any CPU
		{E8BA055F-3447-40C8-92CF-9539D538EC07}.Debug|Any CPU.Build.0 = Debug|Any CPU
		{E8BA055F-3447-40C8-92CF-9539D538EC07}.Release|Any CPU.ActiveCfg = Release|Any CPU
		{E8BA055F-3447-40C8-92CF-9539D538EC07}.Release|Any CPU.Build.0 = Release|Any CPU
		{3CFBE921-CE95-4A80-9E15-7DC56E302C57}.Debug|Any CPU.ActiveCfg = Debug|Any CPU
		{3CFBE921-CE95-4A80-9E15-7DC56E302C57}.Debug|Any CPU.Build.0 = Debug|Any CPU
		{3CFBE921-CE95-4A80-9E15-7DC56E302C57}.Release|Any CPU.ActiveCfg = Release|Any CPU
		{3CFBE921-CE95-4A80-9E15-7DC56E302C57}.Release|Any CPU.Build.0 = Release|Any CPU
	EndGlobalSection
	GlobalSection(SolutionProperties) = preSolution
		HideSolutionNode = FALSE
	EndGlobalSection
	GlobalSection(ExtensibilityGlobals) = postSolution
		SolutionGuid = {4C0E10AA-F37F-4C8C-A71A-D8B86B3E9248}
	EndGlobalSection
EndGlobal
